Microsoft Visual Studio Solution File, Format Version 12.00
# Visual Studio Version 17
VisualStudioVersion = 17.0.31903.59
MinimumVisualStudioVersion = 10.0.40219.1
Project("{FAE04EC0-301F-11D3-BF4B-00C04F79EFBC}") = "dbc-localizer", "dbc-localizer\dbc-localizer.csproj", "{C45B2D4F-7B9E-4A2F-8B3D-9E5C7F2A1B0C}"
EndProject
Global
	GlobalSection(SolutionConfigurationPlatforms) = preSolution
		Debug|Any CPU = Debug|Any CPU
		Release|Any CPU = Release|Any CPU
	EndGlobalSection
	GlobalSection(ProjectConfigurationPlatforms) = postSolution
		{C45B2D4F-7B9E-4A2F-8B3D-9E5C7F2A1B0C}.Debug|Any CPU.ActiveCfg = Debug|Any CPU
		{C45B2D4F-7B9E-4A2F-8B3D-9E5C7F2A1B0C}.Debug|Any CPU.Build.0 = Debug|Any CPU
		{C45B2D4F-7B9E-4A2F-8B3D-9E5C7F2A1B0C}.Release|Any CPU.ActiveCfg = Release|Any CPU
		{C45B2D4F-7B9E-4A2F-8B3D-9E5C7F2A1B0C}.Release|Any CPU.Build.0 = Release|Any CPU
	EndGlobalSection
EndGlobal
